
Microsoft Visual Studio Solution File, Format Version 12.00
# Visual Studio Version 17
VisualStudioVersion = 17.7.34031.279
MinimumVisualStudioVersion = 10.0.40219.1
Project("{FAE04EC0-301F-11D3-BF4B-00C04F79EFBC}") = "Core", "Core\Core.csproj", "{891E1B18-AE50-4F79-9C44-FF22E0D2C5F7}"
EndProject
Project("{FAE04EC0-301F-11D3-BF4B-00C04F79EFBC}") = "Interface", "Interface\Interface.csproj", "{B38DFB62-5A35-4793-92D3-5D4AEBBD491B}"
EndProject
Global
	GlobalSection(SolutionConfigurationPlatforms) = preSolution
		Debug|Any CPU = Debug|Any CPU
		Release|Any CPU = Release|Any CPU
	EndGlobalSection
	GlobalSection(ProjectConfigurationPlatforms) = postSolution
		{891E1B18-AE50-4F79-9C44-FF22E0D2C5F7}.Debug|Any CPU.ActiveCfg = Debug|Any CPU
		{891E1B18-AE50-4F79-9C44-FF22E0D2C5F7}.Debug|Any CPU.Build.0 = Debug|Any CPU
		{891E1B18-AE50-4F79-9C44-FF22E0D2C5F7}.Release|Any CPU.ActiveCfg = Release|Any CPU
		{891E1B18-AE50-4F79-9C44-FF22E0D2C5F7}.Release|Any CPU.Build.0 = Release|Any CPU
		{B38DFB62-5A35-4793-92D3-5D4AEBBD491B}.Debug|Any CPU.ActiveCfg = Debug|Any CPU
		{B38DFB62-5A35-4793-92D3-5D4AEBBD491B}.Debug|Any CPU.Build.0 = Debug|Any CPU
		{B38DFB62-5A35-4793-92D3-5D4AEBBD491B}.Release|Any CPU.ActiveCfg = Release|Any CPU
		{B38DFB62-5A35-4793-92D3-5D4AEBBD491B}.Release|Any CPU.Build.0 = Release|Any CPU
	EndGlobalSection
	GlobalSection(SolutionProperties) = preSolution
		HideSolutionNode = FALSE
	EndGlobalSection
	GlobalSection(ExtensibilityGlobals) = postSolution
		SolutionGuid = {7AE36A03-501E-451B-9C13-D197F4C261F5}
	EndGlobalSection
EndGlobal
